
Microsoft Visual Studio Solution File, Format Version 12.00
# Visual Studio 15
VisualStudioVersion = 15.0.34930.48
MinimumVisualStudioVersion = 10.0.40219.1
Project("{FAE04EC0-301F-11D3-BF4B-00C04F79EFBC}") = "Simulation1_PointCloudSegmentation", "Simulation1_PointCloudSegmentation\Simulation1_PointCloudSegmentation.csproj", "{3C623ADC-A865-41B4-98DB-48F9EB72FB63}"
EndProject
Global
	GlobalSection(SolutionConfigurationPlatforms) = preSolution
		Debug|Any CPU = Debug|Any CPU
		Release|Any CPU = Release|Any CPU
	EndGlobalSection
	GlobalSection(ProjectConfigurationPlatforms) = postSolution
		{3C623ADC-A865-41B4-98DB-48F9EB72FB63}.Debug|Any CPU.ActiveCfg = Debug|Any CPU
		{3C623ADC-A865-41B4-98DB-48F9EB72FB63}.Debug|Any CPU.Build.0 = Debug|Any CPU
		{3C623ADC-A865-41B4-98DB-48F9EB72FB63}.Release|Any CPU.ActiveCfg = Release|Any CPU
		{3C623ADC-A865-41B4-98DB-48F9EB72FB63}.Release|Any CPU.Build.0 = Release|Any CPU
	EndGlobalSection
	GlobalSection(SolutionProperties) = preSolution
		HideSolutionNode = FALSE
	EndGlobalSection
	GlobalSection(ExtensibilityGlobals) = postSolution
		SolutionGuid = {C0C3B53A-0272-4068-AD5E-34573EA0BB65}
	EndGlobalSection
EndGlobal
