
Microsoft Visual Studio Solution File, Format Version 12.00
# Visual Studio Version 17
VisualStudioVersion = 17.13.35931.197 d17.13
MinimumVisualStudioVersion = 10.0.40219.1
Project("{FAE04EC0-301F-11D3-BF4B-00C04F79EFBC}") = "GNSS训练", "GNSS训练.csproj", "{217BF019-C4DB-4FC3-9500-67AF4153A866}"
EndProject
Global
	GlobalSection(SolutionConfigurationPlatforms) = preSolution
		Debug|Any CPU = Debug|Any CPU
		Release|Any CPU = Release|Any CPU
	EndGlobalSection
	GlobalSection(ProjectConfigurationPlatforms) = postSolution
		{217BF019-C4DB-4FC3-9500-67AF4153A866}.Debug|Any CPU.ActiveCfg = Debug|Any CPU
		{217BF019-C4DB-4FC3-9500-67AF4153A866}.Debug|Any CPU.Build.0 = Debug|Any CPU
		{217BF019-C4DB-4FC3-9500-67AF4153A866}.Release|Any CPU.ActiveCfg = Release|Any CPU
		{217BF019-C4DB-4FC3-9500-67AF4153A866}.Release|Any CPU.Build.0 = Release|Any CPU
	EndGlobalSection
	GlobalSection(SolutionProperties) = preSolution
		HideSolutionNode = FALSE
	EndGlobalSection
	GlobalSection(ExtensibilityGlobals) = postSolution
		SolutionGuid = {831EED53-6B2F-47C6-B55E-B4F8542B55C9}
	EndGlobalSection
EndGlobal
