
Microsoft Visual Studio Solution File, Format Version 12.00
# Visual Studio Version 17
VisualStudioVersion = 17.6.33723.286
MinimumVisualStudioVersion = 10.0.40219.1
Project("{FAE04EC0-301F-11D3-BF4B-00C04F79EFBC}") = "07GeodeticLine", "07GeodeticLine\07GeodeticLine.csproj", "{F3B89DF4-C98C-4FEB-94D6-EDDC8BDAF37D}"
EndProject
Global
	GlobalSection(SolutionConfigurationPlatforms) = preSolution
		Debug|Any CPU = Debug|Any CPU
		Release|Any CPU = Release|Any CPU
	EndGlobalSection
	GlobalSection(ProjectConfigurationPlatforms) = postSolution
		{F3B89DF4-C98C-4FEB-94D6-EDDC8BDAF37D}.Debug|Any CPU.ActiveCfg = Debug|Any CPU
		{F3B89DF4-C98C-4FEB-94D6-EDDC8BDAF37D}.Debug|Any CPU.Build.0 = Debug|Any CPU
		{F3B89DF4-C98C-4FEB-94D6-EDDC8BDAF37D}.Release|Any CPU.ActiveCfg = Release|Any CPU
		{F3B89DF4-C98C-4FEB-94D6-EDDC8BDAF37D}.Release|Any CPU.Build.0 = Release|Any CPU
	EndGlobalSection
	GlobalSection(SolutionProperties) = preSolution
		HideSolutionNode = FALSE
	EndGlobalSection
	GlobalSection(ExtensibilityGlobals) = postSolution
		SolutionGuid = {CB26C902-397E-4ECA-8ECC-C48AC02433AE}
	EndGlobalSection
EndGlobal
