
Microsoft Visual Studio Solution File, Format Version 12.00
# Visual Studio 15
VisualStudioVersion = 15.0.33529.398
MinimumVisualStudioVersion = 10.0.40219.1
Project("{FAE04EC0-301F-11D3-BF4B-00C04F79EFBC}") = "DianYunFenGe", "DianYunFenGe\DianYunFenGe.csproj", "{6303C0A1-3C49-4B5A-AF3F-274C2CEB56ED}"
EndProject
Global
	GlobalSection(SolutionConfigurationPlatforms) = preSolution
		Debug|Any CPU = Debug|Any CPU
		Release|Any CPU = Release|Any CPU
	EndGlobalSection
	GlobalSection(ProjectConfigurationPlatforms) = postSolution
		{6303C0A1-3C49-4B5A-AF3F-274C2CEB56ED}.Debug|Any CPU.ActiveCfg = Debug|Any CPU
		{6303C0A1-3C49-4B5A-AF3F-274C2CEB56ED}.Debug|Any CPU.Build.0 = Debug|Any CPU
		{6303C0A1-3C49-4B5A-AF3F-274C2CEB56ED}.Release|Any CPU.ActiveCfg = Release|Any CPU
		{6303C0A1-3C49-4B5A-AF3F-274C2CEB56ED}.Release|Any CPU.Build.0 = Release|Any CPU
	EndGlobalSection
	GlobalSection(SolutionProperties) = preSolution
		HideSolutionNode = FALSE
	EndGlobalSection
	GlobalSection(ExtensibilityGlobals) = postSolution
		SolutionGuid = {0E393873-A18B-412C-95D9-2BD1846ADF97}
	EndGlobalSection
EndGlobal
