
Microsoft Visual Studio Solution File, Format Version 12.00
# Visual Studio 15
VisualStudioVersion = 15.0.36123.18
MinimumVisualStudioVersion = 10.0.40219.1
Project("{FAE04EC0-301F-11D3-BF4B-00C04F79EFBC}") = "随机抽样一致性", "空间-后方交汇\随机抽样一致性.csproj", "{CABFF5C4-220B-40AE-B3D1-C176E47BE8E1}"
EndProject
Global
	GlobalSection(SolutionConfigurationPlatforms) = preSolution
		Debug|Any CPU = Debug|Any CPU
		Release|Any CPU = Release|Any CPU
	EndGlobalSection
	GlobalSection(ProjectConfigurationPlatforms) = postSolution
		{CABFF5C4-220B-40AE-B3D1-C176E47BE8E1}.Debug|Any CPU.ActiveCfg = Debug|Any CPU
		{CABFF5C4-220B-40AE-B3D1-C176E47BE8E1}.Debug|Any CPU.Build.0 = Debug|Any CPU
		{CABFF5C4-220B-40AE-B3D1-C176E47BE8E1}.Release|Any CPU.ActiveCfg = Release|Any CPU
		{CABFF5C4-220B-40AE-B3D1-C176E47BE8E1}.Release|Any CPU.Build.0 = Release|Any CPU
	EndGlobalSection
	GlobalSection(SolutionProperties) = preSolution
		HideSolutionNode = FALSE
	EndGlobalSection
	GlobalSection(ExtensibilityGlobals) = postSolution
		SolutionGuid = {FA592667-479C-4F3F-B80D-EB0D8E65C469}
	EndGlobalSection
EndGlobal
