
Microsoft Visual Studio Solution File, Format Version 12.00
# Visual Studio 15
VisualStudioVersion = 15.0.33529.398
MinimumVisualStudioVersion = 10.0.40219.1
Project("{FAE04EC0-301F-11D3-BF4B-00C04F79EFBC}") = "DuanMian", "DuanMian\DuanMian.csproj", "{8D24104A-73D2-46B8-BC17-1EA074D81C3E}"
EndProject
Global
	GlobalSection(SolutionConfigurationPlatforms) = preSolution
		Debug|Any CPU = Debug|Any CPU
		Release|Any CPU = Release|Any CPU
	EndGlobalSection
	GlobalSection(ProjectConfigurationPlatforms) = postSolution
		{8D24104A-73D2-46B8-BC17-1EA074D81C3E}.Debug|Any CPU.ActiveCfg = Debug|Any CPU
		{8D24104A-73D2-46B8-BC17-1EA074D81C3E}.Debug|Any CPU.Build.0 = Debug|Any CPU
		{8D24104A-73D2-46B8-BC17-1EA074D81C3E}.Release|Any CPU.ActiveCfg = Release|Any CPU
		{8D24104A-73D2-46B8-BC17-1EA074D81C3E}.Release|Any CPU.Build.0 = Release|Any CPU
	EndGlobalSection
	GlobalSection(SolutionProperties) = preSolution
		HideSolutionNode = FALSE
	EndGlobalSection
	GlobalSection(ExtensibilityGlobals) = postSolution
		SolutionGuid = {33BC5AAC-904B-4460-9CFF-5B04AB4918FD}
	EndGlobalSection
EndGlobal
