
Microsoft Visual Studio Solution File, Format Version 12.00
# Visual Studio Version 17
VisualStudioVersion = 17.14.36202.13 d17.14
MinimumVisualStudioVersion = 10.0.40219.1
Project("{FAE04EC0-301F-11D3-BF4B-00C04F79EFBC}") = "C1301", "C1301\C1301.csproj", "{97E85A86-129E-4A42-BCCD-E75E5D9CBA25}"
EndProject
Global
	GlobalSection(SolutionConfigurationPlatforms) = preSolution
		Debug|Any CPU = Debug|Any CPU
		Release|Any CPU = Release|Any CPU
	EndGlobalSection
	GlobalSection(ProjectConfigurationPlatforms) = postSolution
		{97E85A86-129E-4A42-BCCD-E75E5D9CBA25}.Debug|Any CPU.ActiveCfg = Debug|Any CPU
		{97E85A86-129E-4A42-BCCD-E75E5D9CBA25}.Debug|Any CPU.Build.0 = Debug|Any CPU
		{97E85A86-129E-4A42-BCCD-E75E5D9CBA25}.Release|Any CPU.ActiveCfg = Release|Any CPU
		{97E85A86-129E-4A42-BCCD-E75E5D9CBA25}.Release|Any CPU.Build.0 = Release|Any CPU
	EndGlobalSection
	GlobalSection(SolutionProperties) = preSolution
		HideSolutionNode = FALSE
	EndGlobalSection
	GlobalSection(ExtensibilityGlobals) = postSolution
		SolutionGuid = {1A6B9B8B-3BFB-4B77-8B04-3CAFE0DF9A71}
	EndGlobalSection
EndGlobal
