
Microsoft Visual Studio Solution File, Format Version 12.00
# Visual Studio Version 17
VisualStudioVersion = 17.6.33723.286
MinimumVisualStudioVersion = 10.0.40219.1
Project("{FAE04EC0-301F-11D3-BF4B-00C04F79EFBC}") = "12SpaceIntersection", "12SpaceIntersection\12SpaceIntersection.csproj", "{4E8F76FB-B9B3-4FCC-8AE3-97DEEAB497A6}"
EndProject
Global
	GlobalSection(SolutionConfigurationPlatforms) = preSolution
		Debug|Any CPU = Debug|Any CPU
		Release|Any CPU = Release|Any CPU
	EndGlobalSection
	GlobalSection(ProjectConfigurationPlatforms) = postSolution
		{4E8F76FB-B9B3-4FCC-8AE3-97DEEAB497A6}.Debug|Any CPU.ActiveCfg = Debug|Any CPU
		{4E8F76FB-B9B3-4FCC-8AE3-97DEEAB497A6}.Debug|Any CPU.Build.0 = Debug|Any CPU
		{4E8F76FB-B9B3-4FCC-8AE3-97DEEAB497A6}.Release|Any CPU.ActiveCfg = Release|Any CPU
		{4E8F76FB-B9B3-4FCC-8AE3-97DEEAB497A6}.Release|Any CPU.Build.0 = Release|Any CPU
	EndGlobalSection
	GlobalSection(SolutionProperties) = preSolution
		HideSolutionNode = FALSE
	EndGlobalSection
	GlobalSection(ExtensibilityGlobals) = postSolution
		SolutionGuid = {F89F60D1-1212-472B-A644-9DDB564A4209}
	EndGlobalSection
EndGlobal
