
Microsoft Visual Studio Solution File, Format Version 12.00
# Visual Studio 15
VisualStudioVersion = 15.0.33529.398
MinimumVisualStudioVersion = 10.0.40219.1
Project("{FAE04EC0-301F-11D3-BF4B-00C04F79EFBC}") = "GNSS_SPP", "GNSS_SPP\GNSS_SPP.csproj", "{5562343D-2E4D-48B9-8028-2EBC27B86D08}"
EndProject
Global
	GlobalSection(SolutionConfigurationPlatforms) = preSolution
		Debug|Any CPU = Debug|Any CPU
		Release|Any CPU = Release|Any CPU
	EndGlobalSection
	GlobalSection(ProjectConfigurationPlatforms) = postSolution
		{5562343D-2E4D-48B9-8028-2EBC27B86D08}.Debug|Any CPU.ActiveCfg = Debug|Any CPU
		{5562343D-2E4D-48B9-8028-2EBC27B86D08}.Debug|Any CPU.Build.0 = Debug|Any CPU
		{5562343D-2E4D-48B9-8028-2EBC27B86D08}.Release|Any CPU.ActiveCfg = Release|Any CPU
		{5562343D-2E4D-48B9-8028-2EBC27B86D08}.Release|Any CPU.Build.0 = Release|Any CPU
	EndGlobalSection
	GlobalSection(SolutionProperties) = preSolution
		HideSolutionNode = FALSE
	EndGlobalSection
	GlobalSection(ExtensibilityGlobals) = postSolution
		SolutionGuid = {09E60989-10CA-4030-983C-155899E81E11}
	EndGlobalSection
EndGlobal
