
Microsoft Visual Studio Solution File, Format Version 12.00
# Visual Studio Version 17
VisualStudioVersion = 17.13.35931.197 d17.13
MinimumVisualStudioVersion = 10.0.40219.1
Project("{FAE04EC0-301F-11D3-BF4B-00C04F79EFBC}") = "省赛模拟2", "省赛模拟2.csproj", "{5B877DBE-E828-4549-970E-637A538DA82C}"
EndProject
Global
	GlobalSection(SolutionConfigurationPlatforms) = preSolution
		Debug|Any CPU = Debug|Any CPU
		Release|Any CPU = Release|Any CPU
	EndGlobalSection
	GlobalSection(ProjectConfigurationPlatforms) = postSolution
		{5B877DBE-E828-4549-970E-637A538DA82C}.Debug|Any CPU.ActiveCfg = Debug|Any CPU
		{5B877DBE-E828-4549-970E-637A538DA82C}.Debug|Any CPU.Build.0 = Debug|Any CPU
		{5B877DBE-E828-4549-970E-637A538DA82C}.Release|Any CPU.ActiveCfg = Release|Any CPU
		{5B877DBE-E828-4549-970E-637A538DA82C}.Release|Any CPU.Build.0 = Release|Any CPU
	EndGlobalSection
	GlobalSection(SolutionProperties) = preSolution
		HideSolutionNode = FALSE
	EndGlobalSection
	GlobalSection(ExtensibilityGlobals) = postSolution
		SolutionGuid = {962E713B-6D33-487A-BCF1-9E21355BAB05}
	EndGlobalSection
EndGlobal
