
Microsoft Visual Studio Solution File, Format Version 12.00
# Visual Studio Version 17
VisualStudioVersion = 17.6.33723.286
MinimumVisualStudioVersion = 10.0.40219.1
Project("{FAE04EC0-301F-11D3-BF4B-00C04F79EFBC}") = "10Trop_NEIL", "10Trop_NEIL\10Trop_NEIL.csproj", "{10B9A473-9494-446D-BF0F-C19A3F197E76}"
EndProject
Global
	GlobalSection(SolutionConfigurationPlatforms) = preSolution
		Debug|Any CPU = Debug|Any CPU
		Release|Any CPU = Release|Any CPU
	EndGlobalSection
	GlobalSection(ProjectConfigurationPlatforms) = postSolution
		{10B9A473-9494-446D-BF0F-C19A3F197E76}.Debug|Any CPU.ActiveCfg = Debug|Any CPU
		{10B9A473-9494-446D-BF0F-C19A3F197E76}.Debug|Any CPU.Build.0 = Debug|Any CPU
		{10B9A473-9494-446D-BF0F-C19A3F197E76}.Release|Any CPU.ActiveCfg = Release|Any CPU
		{10B9A473-9494-446D-BF0F-C19A3F197E76}.Release|Any CPU.Build.0 = Release|Any CPU
	EndGlobalSection
	GlobalSection(SolutionProperties) = preSolution
		HideSolutionNode = FALSE
	EndGlobalSection
	GlobalSection(ExtensibilityGlobals) = postSolution
		SolutionGuid = {B6B24D17-0BFA-4637-971B-C2C70469BCE7}
	EndGlobalSection
EndGlobal
